
Microsoft Visual Studio Solution File, Format Version 12.00
# Visual Studio Version 17
VisualStudioVersion = 17.5.002.0
MinimumVisualStudioVersion = 10.0.40219.1
Project("{9A19103F-16F7-4668-BE54-9A1E7A4F7556}") = "Adapter", "Adapter.csproj", "{C63CC608-084A-4606-8C21-A09E191681F5}"
EndProject
Global
	GlobalSection(SolutionConfigurationPlatforms) = preSolution
		Debug|Any CPU = Debug|Any CPU
		Release|Any CPU = Release|Any CPU
	EndGlobalSection
	GlobalSection(ProjectConfigurationPlatforms) = postSolution
		{C63CC608-084A-4606-8C21-A09E191681F5}.Debug|Any CPU.ActiveCfg = Debug|Any CPU
		{C63CC608-084A-4606-8C21-A09E191681F5}.Debug|Any CPU.Build.0 = Debug|Any CPU
		{C63CC608-084A-4606-8C21-A09E191681F5}.Release|Any CPU.ActiveCfg = Release|Any CPU
		{C63CC608-084A-4606-8C21-A09E191681F5}.Release|Any CPU.Build.0 = Release|Any CPU
	EndGlobalSection
	GlobalSection(SolutionProperties) = preSolution
		HideSolutionNode = FALSE
	EndGlobalSection
	GlobalSection(ExtensibilityGlobals) = postSolution
		SolutionGuid = {52C90E44-A36E-4A89-8025-210D449826F8}
	EndGlobalSection
EndGlobal
