
Microsoft Visual Studio Solution File, Format Version 12.00
# Visual Studio Version 17
VisualStudioVersion = 17.5.002.0
MinimumVisualStudioVersion = 10.0.40219.1
Project("{9A19103F-16F7-4668-BE54-9A1E7A4F7556}") = "Memento", "Memento.csproj", "{CEFBE58F-5713-4A8F-8625-A9F8469ED22E}"
EndProject
Global
	GlobalSection(SolutionConfigurationPlatforms) = preSolution
		Debug|Any CPU = Debug|Any CPU
		Release|Any CPU = Release|Any CPU
	EndGlobalSection
	GlobalSection(ProjectConfigurationPlatforms) = postSolution
		{CEFBE58F-5713-4A8F-8625-A9F8469ED22E}.Debug|Any CPU.ActiveCfg = Debug|Any CPU
		{CEFBE58F-5713-4A8F-8625-A9F8469ED22E}.Debug|Any CPU.Build.0 = Debug|Any CPU
		{CEFBE58F-5713-4A8F-8625-A9F8469ED22E}.Release|Any CPU.ActiveCfg = Release|Any CPU
		{CEFBE58F-5713-4A8F-8625-A9F8469ED22E}.Release|Any CPU.Build.0 = Release|Any CPU
	EndGlobalSection
	GlobalSection(SolutionProperties) = preSolution
		HideSolutionNode = FALSE
	EndGlobalSection
	GlobalSection(ExtensibilityGlobals) = postSolution
		SolutionGuid = {B04A64F5-C27C-41DF-BC6D-7AC8119FCF34}
	EndGlobalSection
EndGlobal
